
Microsoft Visual Studio Solution File, Format Version 12.00
# Visual Studio Version 16
VisualStudioVersion = 16.0.31105.61
MinimumVisualStudioVersion = 10.0.40219.1
Project("{FAE04EC0-301F-11D3-BF4B-00C04F79EFBC}") = "Dédisclasik", "WindowsFormsApp1\Dédisclasik.csproj", "{4569B1F0-37F1-4426-8D78-4AAD7DA1CD2B}"
EndProject
Project("{FAE04EC0-301F-11D3-BF4B-00C04F79EFBC}") = "Test", "Test\Test.csproj", "{D1120639-F62B-4D5B-8EEB-C474A71DEE0A}"
EndProject
Global
	GlobalSection(SolutionConfigurationPlatforms) = preSolution
		Debug|Any CPU = Debug|Any CPU
		Release|Any CPU = Release|Any CPU
	EndGlobalSection
	GlobalSection(ProjectConfigurationPlatforms) = postSolution
		{4569B1F0-37F1-4426-8D78-4AAD7DA1CD2B}.Debug|Any CPU.ActiveCfg = Debug|Any CPU
		{4569B1F0-37F1-4426-8D78-4AAD7DA1CD2B}.Debug|Any CPU.Build.0 = Debug|Any CPU
		{4569B1F0-37F1-4426-8D78-4AAD7DA1CD2B}.Release|Any CPU.ActiveCfg = Release|Any CPU
		{4569B1F0-37F1-4426-8D78-4AAD7DA1CD2B}.Release|Any CPU.Build.0 = Release|Any CPU
		{D1120639-F62B-4D5B-8EEB-C474A71DEE0A}.Debug|Any CPU.ActiveCfg = Debug|Any CPU
		{D1120639-F62B-4D5B-8EEB-C474A71DEE0A}.Debug|Any CPU.Build.0 = Debug|Any CPU
		{D1120639-F62B-4D5B-8EEB-C474A71DEE0A}.Release|Any CPU.ActiveCfg = Release|Any CPU
		{D1120639-F62B-4D5B-8EEB-C474A71DEE0A}.Release|Any CPU.Build.0 = Release|Any CPU
	EndGlobalSection
	GlobalSection(SolutionProperties) = preSolution
		HideSolutionNode = FALSE
	EndGlobalSection
	GlobalSection(ExtensibilityGlobals) = postSolution
		SolutionGuid = {8DC11E66-3E53-47CA-9A5D-05F10AD8D2BA}
	EndGlobalSection
EndGlobal
